
Microsoft Visual Studio Solution File, Format Version 12.00
# Visual Studio Version 17
VisualStudioVersion = 17.8.34511.84
MinimumVisualStudioVersion = 10.0.40219.1
Project("{FAE04EC0-301F-11D3-BF4B-00C04F79EFBC}") = "Joc", "Joc.csproj", "{D905044C-D73A-4C89-AE72-D16573B0BE40}"
EndProject
Global
	GlobalSection(SolutionConfigurationPlatforms) = preSolution
		Debug|Any CPU = Debug|Any CPU
		Release|Any CPU = Release|Any CPU
	EndGlobalSection
	GlobalSection(ProjectConfigurationPlatforms) = postSolution
		{D905044C-D73A-4C89-AE72-D16573B0BE40}.Debug|Any CPU.ActiveCfg = Debug|Any CPU
		{D905044C-D73A-4C89-AE72-D16573B0BE40}.Debug|Any CPU.Build.0 = Debug|Any CPU
		{D905044C-D73A-4C89-AE72-D16573B0BE40}.Release|Any CPU.ActiveCfg = Release|Any CPU
		{D905044C-D73A-4C89-AE72-D16573B0BE40}.Release|Any CPU.Build.0 = Release|Any CPU
	EndGlobalSection
	GlobalSection(SolutionProperties) = preSolution
		HideSolutionNode = FALSE
	EndGlobalSection
	GlobalSection(ExtensibilityGlobals) = postSolution
		SolutionGuid = {DFABAD87-0BB5-4748-91B3-6022C72BC023}
	EndGlobalSection
EndGlobal
