
Microsoft Visual Studio Solution File, Format Version 12.00
# Visual Studio Version 17
VisualStudioVersion = 17.7.34031.279
MinimumVisualStudioVersion = 10.0.40219.1
Project("{FAE04EC0-301F-11D3-BF4B-00C04F79EFBC}") = "Guess_the_Country", "Guess_the_Country.csproj", "{00C48D0F-E82B-49C2-A88A-44CFD21F88AA}"
EndProject
Global
	GlobalSection(SolutionConfigurationPlatforms) = preSolution
		Debug|Any CPU = Debug|Any CPU
		Release|Any CPU = Release|Any CPU
	EndGlobalSection
	GlobalSection(ProjectConfigurationPlatforms) = postSolution
		{00C48D0F-E82B-49C2-A88A-44CFD21F88AA}.Debug|Any CPU.ActiveCfg = Debug|Any CPU
		{00C48D0F-E82B-49C2-A88A-44CFD21F88AA}.Debug|Any CPU.Build.0 = Debug|Any CPU
		{00C48D0F-E82B-49C2-A88A-44CFD21F88AA}.Release|Any CPU.ActiveCfg = Release|Any CPU
		{00C48D0F-E82B-49C2-A88A-44CFD21F88AA}.Release|Any CPU.Build.0 = Release|Any CPU
	EndGlobalSection
	GlobalSection(SolutionProperties) = preSolution
		HideSolutionNode = FALSE
	EndGlobalSection
	GlobalSection(ExtensibilityGlobals) = postSolution
		SolutionGuid = {6DD0D72D-7FA5-4AC4-BAA8-2474725EA3C4}
	EndGlobalSection
EndGlobal
