
Microsoft Visual Studio Solution File, Format Version 12.00
# Visual Studio Version 17
VisualStudioVersion = 17.7.34031.279
MinimumVisualStudioVersion = 10.0.40219.1
Project("{FAE04EC0-301F-11D3-BF4B-00C04F79EFBC}") = "Calculator", "Calculator.csproj", "{860F801E-7624-4C72-8990-87F8CD70FA5A}"
EndProject
Global
	GlobalSection(SolutionConfigurationPlatforms) = preSolution
		Debug|Any CPU = Debug|Any CPU
		Release|Any CPU = Release|Any CPU
	EndGlobalSection
	GlobalSection(ProjectConfigurationPlatforms) = postSolution
		{860F801E-7624-4C72-8990-87F8CD70FA5A}.Debug|Any CPU.ActiveCfg = Debug|Any CPU
		{860F801E-7624-4C72-8990-87F8CD70FA5A}.Debug|Any CPU.Build.0 = Debug|Any CPU
		{860F801E-7624-4C72-8990-87F8CD70FA5A}.Release|Any CPU.ActiveCfg = Release|Any CPU
		{860F801E-7624-4C72-8990-87F8CD70FA5A}.Release|Any CPU.Build.0 = Release|Any CPU
	EndGlobalSection
	GlobalSection(SolutionProperties) = preSolution
		HideSolutionNode = FALSE
	EndGlobalSection
	GlobalSection(ExtensibilityGlobals) = postSolution
		SolutionGuid = {753DFEA8-22AF-47B0-9FF8-B7DFC0E68362}
	EndGlobalSection
EndGlobal
