
Microsoft Visual Studio Solution File, Format Version 12.00
# Visual Studio Version 17
VisualStudioVersion = 17.7.34031.279
MinimumVisualStudioVersion = 10.0.40219.1
Project("{FAE04EC0-301F-11D3-BF4B-00C04F79EFBC}") = "Guess_The_Number", "Guess_The_Number.csproj", "{BA6186ED-A6BF-4BDC-89E5-E12F2293C347}"
EndProject
Global
	GlobalSection(SolutionConfigurationPlatforms) = preSolution
		Debug|Any CPU = Debug|Any CPU
		Release|Any CPU = Release|Any CPU
	EndGlobalSection
	GlobalSection(ProjectConfigurationPlatforms) = postSolution
		{BA6186ED-A6BF-4BDC-89E5-E12F2293C347}.Debug|Any CPU.ActiveCfg = Debug|Any CPU
		{BA6186ED-A6BF-4BDC-89E5-E12F2293C347}.Debug|Any CPU.Build.0 = Debug|Any CPU
		{BA6186ED-A6BF-4BDC-89E5-E12F2293C347}.Release|Any CPU.ActiveCfg = Release|Any CPU
		{BA6186ED-A6BF-4BDC-89E5-E12F2293C347}.Release|Any CPU.Build.0 = Release|Any CPU
	EndGlobalSection
	GlobalSection(SolutionProperties) = preSolution
		HideSolutionNode = FALSE
	EndGlobalSection
	GlobalSection(ExtensibilityGlobals) = postSolution
		SolutionGuid = {6255AB29-6630-4AF9-983F-0DF706B320E2}
	EndGlobalSection
EndGlobal
